
Microsoft Visual Studio Solution File, Format Version 12.00
# Visual Studio Version 16
VisualStudioVersion = 16.0.31613.86
MinimumVisualStudioVersion = 10.0.40219.1
Project("{FAE04EC0-301F-11D3-BF4B-00C04F79EFBC}") = "VehtraApp", "VEHTRA\VehtraApp.csproj", "{4A04A933-7C63-432B-854E-B109FE568D69}"
EndProject
Global
	GlobalSection(SolutionConfigurationPlatforms) = preSolution
		Debug|Any CPU = Debug|Any CPU
		Release|Any CPU = Release|Any CPU
	EndGlobalSection
	GlobalSection(ProjectConfigurationPlatforms) = postSolution
		{4A04A933-7C63-432B-854E-B109FE568D69}.Debug|Any CPU.ActiveCfg = Debug|Any CPU
		{4A04A933-7C63-432B-854E-B109FE568D69}.Debug|Any CPU.Build.0 = Debug|Any CPU
		{4A04A933-7C63-432B-854E-B109FE568D69}.Release|Any CPU.ActiveCfg = Release|Any CPU
		{4A04A933-7C63-432B-854E-B109FE568D69}.Release|Any CPU.Build.0 = Release|Any CPU
	EndGlobalSection
	GlobalSection(SolutionProperties) = preSolution
		HideSolutionNode = FALSE
	EndGlobalSection
	GlobalSection(ExtensibilityGlobals) = postSolution
		SolutionGuid = {5439C2A3-1F12-45B7-B7C7-A7CC83955B76}
	EndGlobalSection
EndGlobal
